
Microsoft Visual Studio Solution File, Format Version 12.00
# Visual Studio Version 17
VisualStudioVersion = 17.13.35931.197
MinimumVisualStudioVersion = 10.0.40219.1
Project("{FAE04EC0-301F-11D3-BF4B-00C04F79EFBC}") = "ASP_ZALUUPA", "ASP_ZALUUPA\ASP_ZALUUPA.csproj", "{AB0197B4-0CC3-4FA1-B7B6-9E421A158535}"
EndProject
Global
	GlobalSection(SolutionConfigurationPlatforms) = preSolution
		Debug|Any CPU = Debug|Any CPU
		Release|Any CPU = Release|Any CPU
	EndGlobalSection
	GlobalSection(ProjectConfigurationPlatforms) = postSolution
		{AB0197B4-0CC3-4FA1-B7B6-9E421A158535}.Debug|Any CPU.ActiveCfg = Debug|Any CPU
		{AB0197B4-0CC3-4FA1-B7B6-9E421A158535}.Debug|Any CPU.Build.0 = Debug|Any CPU
		{AB0197B4-0CC3-4FA1-B7B6-9E421A158535}.Release|Any CPU.ActiveCfg = Release|Any CPU
		{AB0197B4-0CC3-4FA1-B7B6-9E421A158535}.Release|Any CPU.Build.0 = Release|Any CPU
	EndGlobalSection
	GlobalSection(SolutionProperties) = preSolution
		HideSolutionNode = FALSE
	EndGlobalSection
	GlobalSection(ExtensibilityGlobals) = postSolution
		SolutionGuid = {F35E032B-B4F0-4E80-8E1B-D8C46EEB2BF3}
	EndGlobalSection
EndGlobal
